// !$*UTF8*$!
{
	archiveVersion = 1;
	classes = {
	};
	objectVersion = 48;
	objects = {

/* Begin PBXBuildFile section */
		6B478604BEE62FE7BBC0599B /* Pods_merry.framework in Frameworks */ = {isa = PBXBuildFile; fileRef = B5FA9172C87F29DC27B1A6A5 /* Pods_merry.framework */; };
		6E7BF3C6204567C500F60826 /* AppDelegate.swift in Sources */ = {isa = PBXBuildFile; fileRef = 6E7BF3C5204567C500F60826 /* AppDelegate.swift */; };
		6E7BF3C8204567C500F60826 /* StoryListViewController.swift in Sources */ = {isa = PBXBuildFile; fileRef = 6E7BF3C7204567C500F60826 /* StoryListViewController.swift */; };
		6E7BF3CB204567C500F60826 /* StoryList.storyboard in Resources */ = {isa = PBXBuildFile; fileRef = 6E7BF3C9204567C500F60826 /* StoryList.storyboard */; };
		6E7BF3CD204567C500F60826 /* Assets.xcassets in Resources */ = {isa = PBXBuildFile; fileRef = 6E7BF3CC204567C500F60826 /* Assets.xcassets */; };
		6E7BF3D0204567C500F60826 /* LaunchScreen.storyboard in Resources */ = {isa = PBXBuildFile; fileRef = 6E7BF3CE204567C500F60826 /* LaunchScreen.storyboard */; };
		6E7BF3DA204568CE00F60826 /* StoryListViewModel.swift in Sources */ = {isa = PBXBuildFile; fileRef = 6E7BF3D9204568CE00F60826 /* StoryListViewModel.swift */; };
		6E7BF3DD2045697C00F60826 /* StoryListTableViewCell.swift in Sources */ = {isa = PBXBuildFile; fileRef = 6E7BF3DB2045697C00F60826 /* StoryListTableViewCell.swift */; };
		6E7BF3DE2045697C00F60826 /* StoryListTableViewCell.xib in Resources */ = {isa = PBXBuildFile; fileRef = 6E7BF3DC2045697C00F60826 /* StoryListTableViewCell.xib */; };
		6E7BF3E12045700600F60826 /* StoryViewController.swift in Sources */ = {isa = PBXBuildFile; fileRef = 6E7BF3E02045700600F60826 /* StoryViewController.swift */; };
		6E7BF3E32045700D00F60826 /* Story.storyboard in Resources */ = {isa = PBXBuildFile; fileRef = 6E7BF3E22045700D00F60826 /* Story.storyboard */; };
		6E7BF3EA2045722600F60826 /* MyChatViewCell.swift in Sources */ = {isa = PBXBuildFile; fileRef = 6E7BF3E52045722600F60826 /* MyChatViewCell.swift */; };
		6E7BF3EB2045722600F60826 /* MyChatViewCell.xib in Resources */ = {isa = PBXBuildFile; fileRef = 6E7BF3E62045722600F60826 /* MyChatViewCell.xib */; };
		6E7BF3EC2045722600F60826 /* YourChatViewCell.swift in Sources */ = {isa = PBXBuildFile; fileRef = 6E7BF3E82045722600F60826 /* YourChatViewCell.swift */; };
		6E7BF3ED2045722600F60826 /* YourChatViewCell.xib in Resources */ = {isa = PBXBuildFile; fileRef = 6E7BF3E92045722600F60826 /* YourChatViewCell.xib */; };
		6E7BF3EF2045738400F60826 /* MyBalloonView.swift in Sources */ = {isa = PBXBuildFile; fileRef = 6E7BF3EE2045738400F60826 /* MyBalloonView.swift */; };
		6E7BF3F3204573C000F60826 /* YourBalloonView.swift in Sources */ = {isa = PBXBuildFile; fileRef = 6E7BF3F2204573C000F60826 /* YourBalloonView.swift */; };
		D60301912045C0C300530BAD /* SupriseCameraViewController.swift in Sources */ = {isa = PBXBuildFile; fileRef = D60301902045C0C300530BAD /* SupriseCameraViewController.swift */; };
		D60301932045C18400530BAD /* SurpriseCamera.storyboard in Resources */ = {isa = PBXBuildFile; fileRef = D60301922045C18400530BAD /* SurpriseCamera.storyboard */; };
		D623E8F220457ABC001A47F5 /* CallViewController.swift in Sources */ = {isa = PBXBuildFile; fileRef = D623E8F120457ABC001A47F5 /* CallViewController.swift */; };
		D623E8F420457AC4001A47F5 /* Call.storyboard in Resources */ = {isa = PBXBuildFile; fileRef = D623E8F320457AC4001A47F5 /* Call.storyboard */; };
		D623E8F72045A7E6001A47F5 /* ring.mp3 in Resources */ = {isa = PBXBuildFile; fileRef = D623E8F62045A7E6001A47F5 /* ring.mp3 */; };
		D623E8FD2045B3EE001A47F5 /* why.mp3 in Resources */ = {isa = PBXBuildFile; fileRef = D623E8FC2045B3ED001A47F5 /* why.mp3 */; };
		6E7BF3F520459BD400F60826 /* StoryViewModel.swift in Sources */ = {isa = PBXBuildFile; fileRef = 6E7BF3F420459BD400F60826 /* StoryViewModel.swift */; };
		6E7BF3F820459C9C00F60826 /* Chat.swift in Sources */ = {isa = PBXBuildFile; fileRef = 6E7BF3F720459C9C00F60826 /* Chat.swift */; };
		6E7BF3FB20459D7900F60826 /* StubChatText.json in Resources */ = {isa = PBXBuildFile; fileRef = 6E7BF3FA20459D7900F60826 /* StubChatText.json */; };
		6E7BF3FD20459F3D00F60826 /* ChatManager.swift in Sources */ = {isa = PBXBuildFile; fileRef = 6E7BF3FC20459F3D00F60826 /* ChatManager.swift */; };
/* End PBXBuildFile section */

/* Begin PBXFileReference section */
		6E7BF3C2204567C500F60826 /* merry.app */ = {isa = PBXFileReference; explicitFileType = wrapper.application; includeInIndex = 0; path = merry.app; sourceTree = BUILT_PRODUCTS_DIR; };
		6E7BF3C5204567C500F60826 /* AppDelegate.swift */ = {isa = PBXFileReference; lastKnownFileType = sourcecode.swift; path = AppDelegate.swift; sourceTree = "<group>"; };
		6E7BF3C7204567C500F60826 /* StoryListViewController.swift */ = {isa = PBXFileReference; lastKnownFileType = sourcecode.swift; path = StoryListViewController.swift; sourceTree = "<group>"; };
		6E7BF3CA204567C500F60826 /* Base */ = {isa = PBXFileReference; lastKnownFileType = file.storyboard; name = Base; path = Base.lproj/StoryList.storyboard; sourceTree = "<group>"; };
		6E7BF3CC204567C500F60826 /* Assets.xcassets */ = {isa = PBXFileReference; lastKnownFileType = folder.assetcatalog; path = Assets.xcassets; sourceTree = "<group>"; };
		6E7BF3CF204567C500F60826 /* Base */ = {isa = PBXFileReference; lastKnownFileType = file.storyboard; name = Base; path = Base.lproj/LaunchScreen.storyboard; sourceTree = "<group>"; };
		6E7BF3D1204567C500F60826 /* Info.plist */ = {isa = PBXFileReference; lastKnownFileType = text.plist.xml; path = Info.plist; sourceTree = "<group>"; };
		6E7BF3D9204568CE00F60826 /* StoryListViewModel.swift */ = {isa = PBXFileReference; lastKnownFileType = sourcecode.swift; path = StoryListViewModel.swift; sourceTree = "<group>"; };
		6E7BF3DB2045697C00F60826 /* StoryListTableViewCell.swift */ = {isa = PBXFileReference; lastKnownFileType = sourcecode.swift; path = StoryListTableViewCell.swift; sourceTree = "<group>"; };
		6E7BF3DC2045697C00F60826 /* StoryListTableViewCell.xib */ = {isa = PBXFileReference; lastKnownFileType = file.xib; path = StoryListTableViewCell.xib; sourceTree = "<group>"; };
		6E7BF3E02045700600F60826 /* StoryViewController.swift */ = {isa = PBXFileReference; lastKnownFileType = sourcecode.swift; path = StoryViewController.swift; sourceTree = "<group>"; };
		6E7BF3E22045700D00F60826 /* Story.storyboard */ = {isa = PBXFileReference; lastKnownFileType = file.storyboard; path = Story.storyboard; sourceTree = "<group>"; };
		6E7BF3E52045722600F60826 /* MyChatViewCell.swift */ = {isa = PBXFileReference; fileEncoding = 4; lastKnownFileType = sourcecode.swift; path = MyChatViewCell.swift; sourceTree = "<group>"; };
		6E7BF3E62045722600F60826 /* MyChatViewCell.xib */ = {isa = PBXFileReference; fileEncoding = 4; lastKnownFileType = file.xib; path = MyChatViewCell.xib; sourceTree = "<group>"; };
		6E7BF3E82045722600F60826 /* YourChatViewCell.swift */ = {isa = PBXFileReference; fileEncoding = 4; lastKnownFileType = sourcecode.swift; path = YourChatViewCell.swift; sourceTree = "<group>"; };
		6E7BF3E92045722600F60826 /* YourChatViewCell.xib */ = {isa = PBXFileReference; fileEncoding = 4; lastKnownFileType = file.xib; path = YourChatViewCell.xib; sourceTree = "<group>"; };
		6E7BF3EE2045738400F60826 /* MyBalloonView.swift */ = {isa = PBXFileReference; fileEncoding = 4; lastKnownFileType = sourcecode.swift; path = MyBalloonView.swift; sourceTree = "<group>"; };
		6E7BF3F2204573C000F60826 /* YourBalloonView.swift */ = {isa = PBXFileReference; fileEncoding = 4; lastKnownFileType = sourcecode.swift; path = YourBalloonView.swift; sourceTree = "<group>"; };
		6E7BF3F420459BD400F60826 /* StoryViewModel.swift */ = {isa = PBXFileReference; lastKnownFileType = sourcecode.swift; path = StoryViewModel.swift; sourceTree = "<group>"; };
		6E7BF3F720459C9C00F60826 /* Chat.swift */ = {isa = PBXFileReference; lastKnownFileType = sourcecode.swift; path = Chat.swift; sourceTree = "<group>"; };
		6E7BF3FA20459D7900F60826 /* StubChatText.json */ = {isa = PBXFileReference; fileEncoding = 4; lastKnownFileType = text.json; path = StubChatText.json; sourceTree = "<group>"; };
		6E7BF3FC20459F3D00F60826 /* ChatManager.swift */ = {isa = PBXFileReference; lastKnownFileType = sourcecode.swift; path = ChatManager.swift; sourceTree = "<group>"; };
		9820E4943372C48FE2F9C23D /* Pods-merry.release.xcconfig */ = {isa = PBXFileReference; includeInIndex = 1; lastKnownFileType = text.xcconfig; name = "Pods-merry.release.xcconfig"; path = "Pods/Target Support Files/Pods-merry/Pods-merry.release.xcconfig"; sourceTree = "<group>"; };
		B5FA9172C87F29DC27B1A6A5 /* Pods_merry.framework */ = {isa = PBXFileReference; explicitFileType = wrapper.framework; includeInIndex = 0; path = Pods_merry.framework; sourceTree = BUILT_PRODUCTS_DIR; };
		D60301902045C0C300530BAD /* SupriseCameraViewController.swift */ = {isa = PBXFileReference; lastKnownFileType = sourcecode.swift; path = SupriseCameraViewController.swift; sourceTree = "<group>"; };
		D60301922045C18400530BAD /* SurpriseCamera.storyboard */ = {isa = PBXFileReference; lastKnownFileType = file.storyboard; path = SurpriseCamera.storyboard; sourceTree = "<group>"; };
		D623E8F120457ABC001A47F5 /* CallViewController.swift */ = {isa = PBXFileReference; lastKnownFileType = sourcecode.swift; path = CallViewController.swift; sourceTree = "<group>"; };
		D623E8F320457AC4001A47F5 /* Call.storyboard */ = {isa = PBXFileReference; lastKnownFileType = file.storyboard; path = Call.storyboard; sourceTree = "<group>"; };
		D623E8F62045A7E6001A47F5 /* ring.mp3 */ = {isa = PBXFileReference; lastKnownFileType = audio.mp3; path = ring.mp3; sourceTree = "<group>"; };
		D623E8FC2045B3ED001A47F5 /* why.mp3 */ = {isa = PBXFileReference; lastKnownFileType = audio.mp3; path = why.mp3; sourceTree = "<group>"; };
		F7F242DE7AEEB80392C5B436 /* Pods-merry.debug.xcconfig */ = {isa = PBXFileReference; includeInIndex = 1; lastKnownFileType = text.xcconfig; name = "Pods-merry.debug.xcconfig"; path = "Pods/Target Support Files/Pods-merry/Pods-merry.debug.xcconfig"; sourceTree = "<group>"; };
/* End PBXFileReference section */

/* Begin PBXFrameworksBuildPhase section */
		6E7BF3BF204567C500F60826 /* Frameworks */ = {
			isa = PBXFrameworksBuildPhase;
			buildActionMask = 2147483647;
			files = (
				6B478604BEE62FE7BBC0599B /* Pods_merry.framework in Frameworks */,
			);
			runOnlyForDeploymentPostprocessing = 0;
		};
/* End PBXFrameworksBuildPhase section */

/* Begin PBXGroup section */
		32800799D6F1F7B670A2C9BA /* Frameworks */ = {
			isa = PBXGroup;
			children = (
				B5FA9172C87F29DC27B1A6A5 /* Pods_merry.framework */,
			);
			name = Frameworks;
			sourceTree = "<group>";
		};
		6E7BF3B9204567C500F60826 = {
			isa = PBXGroup;
			children = (
				6E7BF3C4204567C500F60826 /* merry */,
				6E7BF3C3204567C500F60826 /* Products */,
				B80DCED89D422C3B2A7B801E /* Pods */,
				32800799D6F1F7B670A2C9BA /* Frameworks */,
			);
			sourceTree = "<group>";
		};
		6E7BF3C3204567C500F60826 /* Products */ = {
			isa = PBXGroup;
			children = (
				6E7BF3C2204567C500F60826 /* merry.app */,
			);
			name = Products;
			sourceTree = "<group>";
		};
		6E7BF3C4204567C500F60826 /* merry */ = {
			isa = PBXGroup;
			children = (
				D623E8F52045A7CD001A47F5 /* Sound */,
				6E7BF3C5204567C500F60826 /* AppDelegate.swift */,
				6E7BF3F920459D7900F60826 /* Sources */,
				6E7BF3F620459C8400F60826 /* Entites */,
				6E7BF3D7204568B100F60826 /* Modules */,
				6E7BF3CC204567C500F60826 /* Assets.xcassets */,
				6E7BF3CE204567C500F60826 /* LaunchScreen.storyboard */,
				6E7BF3D1204567C500F60826 /* Info.plist */,
			);
			path = merry;
			sourceTree = "<group>";
		};
		6E7BF3D7204568B100F60826 /* Modules */ = {
			isa = PBXGroup;
			children = (
				6E7BF3DF20456FF600F60826 /* Story */,
				6E7BF3D8204568C000F60826 /* StoryList */,
			);
			path = Modules;
			sourceTree = "<group>";
		};
		6E7BF3D8204568C000F60826 /* StoryList */ = {
			isa = PBXGroup;
			children = (
				D603018F2045C09700530BAD /* FrontCameraSurprise */,
				D623E8F020457AA9001A47F5 /* Call */,
				6E7BF3E42045722600F60826 /* MyChatViewCell */,
				6E7BF3E72045722600F60826 /* YourChatViewCell */,
				6E7BF3C7204567C500F60826 /* StoryListViewController.swift */,
				6E7BF3C9204567C500F60826 /* StoryList.storyboard */,
				6E7BF3D9204568CE00F60826 /* StoryListViewModel.swift */,
				6E7BF3DB2045697C00F60826 /* StoryListTableViewCell.swift */,
				6E7BF3DC2045697C00F60826 /* StoryListTableViewCell.xib */,
			);
			path = StoryList;
			sourceTree = "<group>";
		};
		6E7BF3DF20456FF600F60826 /* Story */ = {
			isa = PBXGroup;
			children = (
				6E7BF3E42045722600F60826 /* MyChatViewCell */,
				6E7BF3E72045722600F60826 /* YourChatViewCell */,
				6E7BF3E02045700600F60826 /* StoryViewController.swift */,
				6E7BF3E22045700D00F60826 /* Story.storyboard */,
				6E7BF3F420459BD400F60826 /* StoryViewModel.swift */,
			);
			path = Story;
			sourceTree = "<group>";
		};
		6E7BF3E42045722600F60826 /* MyChatViewCell */ = {
			isa = PBXGroup;
			children = (
				6E7BF3EE2045738400F60826 /* MyBalloonView.swift */,
				6E7BF3E52045722600F60826 /* MyChatViewCell.swift */,
				6E7BF3E62045722600F60826 /* MyChatViewCell.xib */,
			);
			name = MyChatViewCell;
			path = merry/Modules/Story/MyChatViewCell;
			sourceTree = SOURCE_ROOT;
		};
		6E7BF3E72045722600F60826 /* YourChatViewCell */ = {
			isa = PBXGroup;
			children = (
				6E7BF3F2204573C000F60826 /* YourBalloonView.swift */,
				6E7BF3E82045722600F60826 /* YourChatViewCell.swift */,
				6E7BF3E92045722600F60826 /* YourChatViewCell.xib */,
			);
			name = YourChatViewCell;
			path = merry/Modules/Story/YourChatViewCell;
			sourceTree = SOURCE_ROOT;
		};
		6E7BF3F620459C8400F60826 /* Entites */ = {
			isa = PBXGroup;
			children = (
				6E7BF3F720459C9C00F60826 /* Chat.swift */,
				6E7BF3FC20459F3D00F60826 /* ChatManager.swift */,
			);
			path = Entites;
			sourceTree = "<group>";
		};
		6E7BF3F920459D7900F60826 /* Sources */ = {
			isa = PBXGroup;
			children = (
				6E7BF3FA20459D7900F60826 /* StubChatText.json */,
			);
			path = Sources;
			sourceTree = "<group>";
		};
		B80DCED89D422C3B2A7B801E /* Pods */ = {
			isa = PBXGroup;
			children = (
				F7F242DE7AEEB80392C5B436 /* Pods-merry.debug.xcconfig */,
				9820E4943372C48FE2F9C23D /* Pods-merry.release.xcconfig */,
			);
			name = Pods;
			sourceTree = "<group>";
		};
		D603018F2045C09700530BAD /* FrontCameraSurprise */ = {
			isa = PBXGroup;
			children = (
				D60301902045C0C300530BAD /* SupriseCameraViewController.swift */,
				D60301922045C18400530BAD /* SurpriseCamera.storyboard */,
			);
			path = FrontCameraSurprise;
			sourceTree = "<group>";
		};
		D623E8F020457AA9001A47F5 /* Call */ = {
			isa = PBXGroup;
			children = (
				D623E8F120457ABC001A47F5 /* CallViewController.swift */,
				D623E8F320457AC4001A47F5 /* Call.storyboard */,
			);
			path = Call;
			sourceTree = "<group>";
		};
		D623E8F52045A7CD001A47F5 /* Sound */ = {
			isa = PBXGroup;
			children = (
				D623E8FC2045B3ED001A47F5 /* why.mp3 */,
				D623E8F62045A7E6001A47F5 /* ring.mp3 */,
			);
			path = Sound;
			sourceTree = "<group>";
		};
/* End PBXGroup section */

/* Begin PBXNativeTarget section */
		6E7BF3C1204567C500F60826 /* merry */ = {
			isa = PBXNativeTarget;
			buildConfigurationList = 6E7BF3D4204567C500F60826 /* Build configuration list for PBXNativeTarget "merry" */;
			buildPhases = (
				0B8E8F9032296EAE0F22C268 /* [CP] Check Pods Manifest.lock */,
				6E7BF3BE204567C500F60826 /* Sources */,
				6E7BF3BF204567C500F60826 /* Frameworks */,
				6E7BF3C0204567C500F60826 /* Resources */,
				1A0299D43C0EC92682EE2138 /* [CP] Embed Pods Frameworks */,
				81C7872C7C1C74457684FA38 /* [CP] Copy Pods Resources */,
			);
			buildRules = (
			);
			dependencies = (
			);
			name = merry;
			productName = merry;
			productReference = 6E7BF3C2204567C500F60826 /* merry.app */;
			productType = "com.apple.product-type.application";
		};
/* End PBXNativeTarget section */

/* Begin PBXProject section */
		6E7BF3BA204567C500F60826 /* Project object */ = {
			isa = PBXProject;
			attributes = {
				LastSwiftUpdateCheck = 0920;
				LastUpgradeCheck = 0920;
				ORGANIZATIONNAME = kazu;
				TargetAttributes = {
					6E7BF3C1204567C500F60826 = {
						CreatedOnToolsVersion = 9.2;
						ProvisioningStyle = Automatic;
					};
				};
			};
			buildConfigurationList = 6E7BF3BD204567C500F60826 /* Build configuration list for PBXProject "merry" */;
			compatibilityVersion = "Xcode 8.0";
			developmentRegion = en;
			hasScannedForEncodings = 0;
			knownRegions = (
				en,
				Base,
			);
			mainGroup = 6E7BF3B9204567C500F60826;
			productRefGroup = 6E7BF3C3204567C500F60826 /* Products */;
			projectDirPath = "";
			projectRoot = "";
			targets = (
				6E7BF3C1204567C500F60826 /* merry */,
			);
		};
/* End PBXProject section */

/* Begin PBXResourcesBuildPhase section */
		6E7BF3C0204567C500F60826 /* Resources */ = {
			isa = PBXResourcesBuildPhase;
			buildActionMask = 2147483647;
			files = (
				6E7BF3D0204567C500F60826 /* LaunchScreen.storyboard in Resources */,
				D60301932045C18400530BAD /* SurpriseCamera.storyboard in Resources */,
				6E7BF3CD204567C500F60826 /* Assets.xcassets in Resources */,
				D623E8F72045A7E6001A47F5 /* ring.mp3 in Resources */,
				D623E8FD2045B3EE001A47F5 /* why.mp3 in Resources */,
				D623E8F420457AC4001A47F5 /* Call.storyboard in Resources */,
				6E7BF3ED2045722600F60826 /* YourChatViewCell.xib in Resources */,
				6E7BF3EB2045722600F60826 /* MyChatViewCell.xib in Resources */,
				6E7BF3FB20459D7900F60826 /* StubChatText.json in Resources */,
				6E7BF3E32045700D00F60826 /* Story.storyboard in Resources */,
				6E7BF3CB204567C500F60826 /* StoryList.storyboard in Resources */,
				6E7BF3DE2045697C00F60826 /* StoryListTableViewCell.xib in Resources */,
			);
			runOnlyForDeploymentPostprocessing = 0;
		};
/* End PBXResourcesBuildPhase section */

/* Begin PBXShellScriptBuildPhase section */
		0B8E8F9032296EAE0F22C268 /* [CP] Check Pods Manifest.lock */ = {
			isa = PBXShellScriptBuildPhase;
			buildActionMask = 2147483647;
			files = (
			);
			inputPaths = (
				"${PODS_PODFILE_DIR_PATH}/Podfile.lock",
				"${PODS_ROOT}/Manifest.lock",
			);
			name = "[CP] Check Pods Manifest.lock";
			outputPaths = (
				"$(DERIVED_FILE_DIR)/Pods-merry-checkManifestLockResult.txt",
			);
			runOnlyForDeploymentPostprocessing = 0;
			shellPath = /bin/sh;
			shellScript = "diff \"${PODS_PODFILE_DIR_PATH}/Podfile.lock\" \"${PODS_ROOT}/Manifest.lock\" > /dev/null\nif [ $? != 0 ] ; then\n    # print error to STDERR\n    echo \"error: The sandbox is not in sync with the Podfile.lock. Run 'pod install' or update your CocoaPods installation.\" >&2\n    exit 1\nfi\n# This output is used by Xcode 'outputs' to avoid re-running this script phase.\necho \"SUCCESS\" > \"${SCRIPT_OUTPUT_FILE_0}\"\n";
			showEnvVarsInLog = 0;
		};
		1A0299D43C0EC92682EE2138 /* [CP] Embed Pods Frameworks */ = {
			isa = PBXShellScriptBuildPhase;
			buildActionMask = 2147483647;
			files = (
			);
			inputPaths = (
				"${SRCROOT}/Pods/Target Support Files/Pods-merry/Pods-merry-frameworks.sh",
				"${BUILT_PRODUCTS_DIR}/RxCocoa/RxCocoa.framework",
				"${BUILT_PRODUCTS_DIR}/RxSwift/RxSwift.framework",
				"${BUILT_PRODUCTS_DIR}/SnapKit/SnapKit.framework",
				"${BUILT_PRODUCTS_DIR}/Unbox/Unbox.framework",
			);
			name = "[CP] Embed Pods Frameworks";
			outputPaths = (
				"${TARGET_BUILD_DIR}/${FRAMEWORKS_FOLDER_PATH}/RxCocoa.framework",
				"${TARGET_BUILD_DIR}/${FRAMEWORKS_FOLDER_PATH}/RxSwift.framework",
				"${TARGET_BUILD_DIR}/${FRAMEWORKS_FOLDER_PATH}/SnapKit.framework",
				"${TARGET_BUILD_DIR}/${FRAMEWORKS_FOLDER_PATH}/Unbox.framework",
			);
			runOnlyForDeploymentPostprocessing = 0;
			shellPath = /bin/sh;
			shellScript = "\"${SRCROOT}/Pods/Target Support Files/Pods-merry/Pods-merry-frameworks.sh\"\n";
			showEnvVarsInLog = 0;
		};
		81C7872C7C1C74457684FA38 /* [CP] Copy Pods Resources */ = {
			isa = PBXShellScriptBuildPhase;
			buildActionMask = 2147483647;
			files = (
			);
			inputPaths = (
			);
			name = "[CP] Copy Pods Resources";
			outputPaths = (
			);
			runOnlyForDeploymentPostprocessing = 0;
			shellPath = /bin/sh;
			shellScript = "\"${SRCROOT}/Pods/Target Support Files/Pods-merry/Pods-merry-resources.sh\"\n";
			showEnvVarsInLog = 0;
		};
/* End PBXShellScriptBuildPhase section */

/* Begin PBXSourcesBuildPhase section */
		6E7BF3BE204567C500F60826 /* Sources */ = {
			isa = PBXSourcesBuildPhase;
			buildActionMask = 2147483647;
			files = (
				6E7BF3EA2045722600F60826 /* MyChatViewCell.swift in Sources */,
				D60301912045C0C300530BAD /* SupriseCameraViewController.swift in Sources */,
				6E7BF3E12045700600F60826 /* StoryViewController.swift in Sources */,
				6E7BF3C8204567C500F60826 /* StoryListViewController.swift in Sources */,
				6E7BF3FD20459F3D00F60826 /* ChatManager.swift in Sources */,
				6E7BF3EC2045722600F60826 /* YourChatViewCell.swift in Sources */,
				6E7BF3DA204568CE00F60826 /* StoryListViewModel.swift in Sources */,
				6E7BF3C6204567C500F60826 /* AppDelegate.swift in Sources */,
				6E7BF3F820459C9C00F60826 /* Chat.swift in Sources */,
				6E7BF3EF2045738400F60826 /* MyBalloonView.swift in Sources */,
				6E7BF3DD2045697C00F60826 /* StoryListTableViewCell.swift in Sources */,
				D623E8F220457ABC001A47F5 /* CallViewController.swift in Sources */,
				6E7BF3F520459BD400F60826 /* StoryViewModel.swift in Sources */,
				6E7BF3F3204573C000F60826 /* YourBalloonView.swift in Sources */,
			);
			runOnlyForDeploymentPostprocessing = 0;
		};
/* End PBXSourcesBuildPhase section */

/* Begin PBXVariantGroup section */
		6E7BF3C9204567C500F60826 /* StoryList.storyboard */ = {
			isa = PBXVariantGroup;
			children = (
				6E7BF3CA204567C500F60826 /* Base */,
			);
			name = StoryList.storyboard;
			sourceTree = "<group>";
		};
		6E7BF3CE204567C500F60826 /* LaunchScreen.storyboard */ = {
			isa = PBXVariantGroup;
			children = (
				6E7BF3CF204567C500F60826 /* Base */,
			);
			name = LaunchScreen.storyboard;
			sourceTree = "<group>";
		};
/* End PBXVariantGroup section */

/* Begin XCBuildConfiguration section */
		6E7BF3D2204567C500F60826 /* Debug */ = {
			isa = XCBuildConfiguration;
			buildSettings = {
				ALWAYS_SEARCH_USER_PATHS = NO;
				CLANG_ANALYZER_NONNULL = YES;
				CLANG_ANALYZER_NUMBER_OBJECT_CONVERSION = YES_AGGRESSIVE;
				CLANG_CXX_LANGUAGE_STANDARD = "gnu++14";
				CLANG_CXX_LIBRARY = "libc++";
				CLANG_ENABLE_MODULES = YES;
				CLANG_ENABLE_OBJC_ARC = YES;
				CLANG_WARN_BLOCK_CAPTURE_AUTORELEASING = YES;
				CLANG_WARN_BOOL_CONVERSION = YES;
				CLANG_WARN_COMMA = YES;
				CLANG_WARN_CONSTANT_CONVERSION = YES;
				CLANG_WARN_DIRECT_OBJC_ISA_USAGE = YES_ERROR;
				CLANG_WARN_DOCUMENTATION_COMMENTS = YES;
				CLANG_WARN_EMPTY_BODY = YES;
				CLANG_WARN_ENUM_CONVERSION = YES;
				CLANG_WARN_INFINITE_RECURSION = YES;
				CLANG_WARN_INT_CONVERSION = YES;
				CLANG_WARN_NON_LITERAL_NULL_CONVERSION = YES;
				CLANG_WARN_OBJC_LITERAL_CONVERSION = YES;
				CLANG_WARN_OBJC_ROOT_CLASS = YES_ERROR;
				CLANG_WARN_RANGE_LOOP_ANALYSIS = YES;
				CLANG_WARN_STRICT_PROTOTYPES = YES;
				CLANG_WARN_SUSPICIOUS_MOVE = YES;
				CLANG_WARN_UNGUARDED_AVAILABILITY = YES_AGGRESSIVE;
				CLANG_WARN_UNREACHABLE_CODE = YES;
				CLANG_WARN__DUPLICATE_METHOD_MATCH = YES;
				CODE_SIGN_IDENTITY = "iPhone Developer";
				COPY_PHASE_STRIP = NO;
				DEBUG_INFORMATION_FORMAT = dwarf;
				ENABLE_STRICT_OBJC_MSGSEND = YES;
				ENABLE_TESTABILITY = YES;
				GCC_C_LANGUAGE_STANDARD = gnu11;
				GCC_DYNAMIC_NO_PIC = NO;
				GCC_NO_COMMON_BLOCKS = YES;
				GCC_OPTIMIZATION_LEVEL = 0;
				GCC_PREPROCESSOR_DEFINITIONS = (
					"DEBUG=1",
					"$(inherited)",
				);
				GCC_WARN_64_TO_32_BIT_CONVERSION = YES;
				GCC_WARN_ABOUT_RETURN_TYPE = YES_ERROR;
				GCC_WARN_UNDECLARED_SELECTOR = YES;
				GCC_WARN_UNINITIALIZED_AUTOS = YES_AGGRESSIVE;
				GCC_WARN_UNUSED_FUNCTION = YES;
				GCC_WARN_UNUSED_VARIABLE = YES;
				IPHONEOS_DEPLOYMENT_TARGET = 11.2;
				MTL_ENABLE_DEBUG_INFO = YES;
				ONLY_ACTIVE_ARCH = YES;
				SDKROOT = iphoneos;
				SWIFT_ACTIVE_COMPILATION_CONDITIONS = DEBUG;
				SWIFT_OPTIMIZATION_LEVEL = "-Onone";
			};
			name = Debug;
		};
		6E7BF3D3204567C500F60826 /* Release */ = {
			isa = XCBuildConfiguration;
			buildSettings = {
				ALWAYS_SEARCH_USER_PATHS = NO;
				CLANG_ANALYZER_NONNULL = YES;
				CLANG_ANALYZER_NUMBER_OBJECT_CONVERSION = YES_AGGRESSIVE;
				CLANG_CXX_LANGUAGE_STANDARD = "gnu++14";
				CLANG_CXX_LIBRARY = "libc++";
				CLANG_ENABLE_MODULES = YES;
				CLANG_ENABLE_OBJC_ARC = YES;
				CLANG_WARN_BLOCK_CAPTURE_AUTORELEASING = YES;
				CLANG_WARN_BOOL_CONVERSION = YES;
				CLANG_WARN_COMMA = YES;
				CLANG_WARN_CONSTANT_CONVERSION = YES;
				CLANG_WARN_DIRECT_OBJC_ISA_USAGE = YES_ERROR;
				CLANG_WARN_DOCUMENTATION_COMMENTS = YES;
				CLANG_WARN_EMPTY_BODY = YES;
				CLANG_WARN_ENUM_CONVERSION = YES;
				CLANG_WARN_INFINITE_RECURSION = YES;
				CLANG_WARN_INT_CONVERSION = YES;
				CLANG_WARN_NON_LITERAL_NULL_CONVERSION = YES;
				CLANG_WARN_OBJC_LITERAL_CONVERSION = YES;
				CLANG_WARN_OBJC_ROOT_CLASS = YES_ERROR;
				CLANG_WARN_RANGE_LOOP_ANALYSIS = YES;
				CLANG_WARN_STRICT_PROTOTYPES = YES;
				CLANG_WARN_SUSPICIOUS_MOVE = YES;
				CLANG_WARN_UNGUARDED_AVAILABILITY = YES_AGGRESSIVE;
				CLANG_WARN_UNREACHABLE_CODE = YES;
				CLANG_WARN__DUPLICATE_METHOD_MATCH = YES;
				CODE_SIGN_IDENTITY = "iPhone Developer";
				COPY_PHASE_STRIP = NO;
				DEBUG_INFORMATION_FORMAT = "dwarf-with-dsym";
				ENABLE_NS_ASSERTIONS = NO;
				ENABLE_STRICT_OBJC_MSGSEND = YES;
				GCC_C_LANGUAGE_STANDARD = gnu11;
				GCC_NO_COMMON_BLOCKS = YES;
				GCC_WARN_64_TO_32_BIT_CONVERSION = YES;
				GCC_WARN_ABOUT_RETURN_TYPE = YES_ERROR;
				GCC_WARN_UNDECLARED_SELECTOR = YES;
				GCC_WARN_UNINITIALIZED_AUTOS = YES_AGGRESSIVE;
				GCC_WARN_UNUSED_FUNCTION = YES;
				GCC_WARN_UNUSED_VARIABLE = YES;
				IPHONEOS_DEPLOYMENT_TARGET = 11.2;
				MTL_ENABLE_DEBUG_INFO = NO;
				SDKROOT = iphoneos;
				SWIFT_OPTIMIZATION_LEVEL = "-Owholemodule";
				VALIDATE_PRODUCT = YES;
			};
			name = Release;
		};
		6E7BF3D5204567C500F60826 /* Debug */ = {
			isa = XCBuildConfiguration;
			baseConfigurationReference = F7F242DE7AEEB80392C5B436 /* Pods-merry.debug.xcconfig */;
			buildSettings = {
				ASSETCATALOG_COMPILER_APPICON_NAME = AppIcon;
				CODE_SIGN_STYLE = Automatic;
				DEVELOPMENT_TEAM = TKM4VSA3YF;
				INFOPLIST_FILE = merry/Info.plist;
				LD_RUNPATH_SEARCH_PATHS = "$(inherited) @executable_path/Frameworks";
				PRODUCT_BUNDLE_IDENTIFIER = com.kazu.merry;
				PRODUCT_NAME = "$(TARGET_NAME)";
				SWIFT_VERSION = 4.0;
				TARGETED_DEVICE_FAMILY = "1,2";
			};
			name = Debug;
		};
		6E7BF3D6204567C500F60826 /* Release */ = {
			isa = XCBuildConfiguration;
			baseConfigurationReference = 9820E4943372C48FE2F9C23D /* Pods-merry.release.xcconfig */;
			buildSettings = {
				ASSETCATALOG_COMPILER_APPICON_NAME = AppIcon;
				CODE_SIGN_STYLE = Automatic;
				DEVELOPMENT_TEAM = TKM4VSA3YF;
				INFOPLIST_FILE = merry/Info.plist;
				LD_RUNPATH_SEARCH_PATHS = "$(inherited) @executable_path/Frameworks";
				PRODUCT_BUNDLE_IDENTIFIER = com.kazu.merry;
				PRODUCT_NAME = "$(TARGET_NAME)";
				SWIFT_VERSION = 4.0;
				TARGETED_DEVICE_FAMILY = "1,2";
			};
			name = Release;
		};
/* End XCBuildConfiguration section */

/* Begin XCConfigurationList section */
		6E7BF3BD204567C500F60826 /* Build configuration list for PBXProject "merry" */ = {
			isa = XCConfigurationList;
			buildConfigurations = (
				6E7BF3D2204567C500F60826 /* Debug */,
				6E7BF3D3204567C500F60826 /* Release */,
			);
			defaultConfigurationIsVisible = 0;
			defaultConfigurationName = Release;
		};
		6E7BF3D4204567C500F60826 /* Build configuration list for PBXNativeTarget "merry" */ = {
			isa = XCConfigurationList;
			buildConfigurations = (
				6E7BF3D5204567C500F60826 /* Debug */,
				6E7BF3D6204567C500F60826 /* Release */,
			);
			defaultConfigurationIsVisible = 0;
			defaultConfigurationName = Release;
		};
/* End XCConfigurationList section */
	};
	rootObject = 6E7BF3BA204567C500F60826 /* Project object */;
}
